
Microsoft Visual Studio Solution File, Format Version 12.00
# Visual Studio Version 16
VisualStudioVersion = 16.0.30621.155
MinimumVisualStudioVersion = 10.0.40219.1
Project("{8BC9CEB8-8B4A-11D0-8D11-00A0C91BC942}") = "CSCN71030-Group-Project", "CSCN71030-Group-Project\CSCN71030-Group-Project.vcxproj", "{09B95F51-55B4-4A36-8A7F-497EAE79F210}"
EndProject
Project("{8BC9CEB8-8B4A-11D0-8D11-00A0C91BC942}") = "CSCN71030-Group-Project.Tests", "CSCN71030-Group-Project.Tests\CSCN71030-Group-Project.Tests.vcxproj", "{7E83F773-F010-4B2E-BB09-85E242F17F10}"
EndProject
Global
	GlobalSection(SolutionConfigurationPlatforms) = preSolution
		Debug|x64 = Debug|x64
		Debug|x86 = Debug|x86
		Release|x64 = Release|x64
		Release|x86 = Release|x86
	EndGlobalSection
	GlobalSection(ProjectConfigurationPlatforms) = postSolution
		{09B95F51-55B4-4A36-8A7F-497EAE79F210}.Debug|x64.ActiveCfg = Debug|x64
		{09B95F51-55B4-4A36-8A7F-497EAE79F210}.Debug|x64.Build.0 = Debug|x64
		{09B95F51-55B4-4A36-8A7F-497EAE79F210}.Debug|x86.ActiveCfg = Debug|Win32
		{09B95F51-55B4-4A36-8A7F-497EAE79F210}.Debug|x86.Build.0 = Debug|Win32
		{09B95F51-55B4-4A36-8A7F-497EAE79F210}.Release|x64.ActiveCfg = Release|x64
		{09B95F51-55B4-4A36-8A7F-497EAE79F210}.Release|x64.Build.0 = Release|x64
		{09B95F51-55B4-4A36-8A7F-497EAE79F210}.Release|x86.ActiveCfg = Release|Win32
		{09B95F51-55B4-4A36-8A7F-497EAE79F210}.Release|x86.Build.0 = Release|Win32
		{7E83F773-F010-4B2E-BB09-85E242F17F10}.Debug|x64.ActiveCfg = Debug|x64
		{7E83F773-F010-4B2E-BB09-85E242F17F10}.Debug|x64.Build.0 = Debug|x64
		{7E83F773-F010-4B2E-BB09-85E242F17F10}.Debug|x86.ActiveCfg = Debug|Win32
		{7E83F773-F010-4B2E-BB09-85E242F17F10}.Debug|x86.Build.0 = Debug|Win32
		{7E83F773-F010-4B2E-BB09-85E242F17F10}.Release|x64.ActiveCfg = Release|x64
		{7E83F773-F010-4B2E-BB09-85E242F17F10}.Release|x64.Build.0 = Release|x64
		{7E83F773-F010-4B2E-BB09-85E242F17F10}.Release|x86.ActiveCfg = Release|Win32
		{7E83F773-F010-4B2E-BB09-85E242F17F10}.Release|x86.Build.0 = Release|Win32
	EndGlobalSection
	GlobalSection(SolutionProperties) = preSolution
		HideSolutionNode = FALSE
	EndGlobalSection
	GlobalSection(ExtensibilityGlobals) = postSolution
		SolutionGuid = {641D2F46-239D-4D69-877E-460CE67CB444}
	EndGlobalSection
EndGlobal
